# @generated - this file is auto-generated by `mise lock` https://mise.jdx.dev/dev-tools/mise-lock.html

lockfile_version = 1

[[tools.aube]]
version = "2.2.9"
backend = "github:endevco/aube"
specifiers = ["latest"]

[[tools.dprint]]
version = "0.57.1"
backend = "aqua:dprint/dprint"
specifiers = ["latest"]

[[tools.elixir]]
version = "1.19.5-otp-28"
backend = "core:elixir"
specifiers = ["1.19.5-otp-28"]

[[tools.erlang]]
version = "28.5"
backend = "core:erlang"
specifiers = ["28"]

[[tools."github:crate-ci/committed"]]
version = "1.1.11"
backend = "github:crate-ci/committed"
specifiers = ["latest"]

[[tools.helm]]
version = "4.2.4"
backend = "aqua:helm/helm"
specifiers = ["latest"]

[[tools.jq]]
version = "1.8.2"
backend = "aqua:jqlang/jq"
specifiers = ["latest"]

[[tools.lefthook]]
version = "2.1.12"
backend = "aqua:evilmartians/lefthook"
specifiers = ["latest"]

[[tools."pipx:check-jsonschema"]]
version = "0.37.1"
backend = "pipx:check-jsonschema"
specifiers = ["0.37.1"]

[[tools.task]]
version = "3.53.1"
backend = "aqua:go-task/task"
specifiers = ["latest"]
